
Microsoft Visual Studio Solution File, Format Version 12.00
# Visual Studio Version 17
VisualStudioVersion = 17.0.31903.59
MinimumVisualStudioVersion = 10.0.40219.1
Project("{2150E333-8FDC-42A3-9474-1A3956D46DE8}") = "Core", "Core", "{C6429758-FE1B-42B8-987C-28EA831C67A7}"
EndProject
Project("{FAE04EC0-301F-11D3-BF4B-00C04F79EFBC}") = "LeaveManagement.Domain", "Core\LeaveManagement.Domain\LeaveManagement.Domain.csproj", "{A980C12B-D3AD-469B-9C06-579B12C0D1AC}"
EndProject
Global
	GlobalSection(SolutionConfigurationPlatforms) = preSolution
		Debug|Any CPU = Debug|Any CPU
		Release|Any CPU = Release|Any CPU
	EndGlobalSection
	GlobalSection(SolutionProperties) = preSolution
		HideSolutionNode = FALSE
	EndGlobalSection
	GlobalSection(ProjectConfigurationPlatforms) = postSolution
		{A980C12B-D3AD-469B-9C06-579B12C0D1AC}.Debug|Any CPU.ActiveCfg = Debug|Any CPU
		{A980C12B-D3AD-469B-9C06-579B12C0D1AC}.Debug|Any CPU.Build.0 = Debug|Any CPU
		{A980C12B-D3AD-469B-9C06-579B12C0D1AC}.Release|Any CPU.ActiveCfg = Release|Any CPU
		{A980C12B-D3AD-469B-9C06-579B12C0D1AC}.Release|Any CPU.Build.0 = Release|Any CPU
	EndGlobalSection
	GlobalSection(NestedProjects) = preSolution
		{A980C12B-D3AD-469B-9C06-579B12C0D1AC} = {C6429758-FE1B-42B8-987C-28EA831C67A7}
	EndGlobalSection
EndGlobal
