
Microsoft Visual Studio Solution File, Format Version 12.00
# Visual Studio Version 17
VisualStudioVersion = 17.0.31903.59
MinimumVisualStudioVersion = 10.0.40219.1
Project("{2150E333-8FDC-42A3-9474-1A3956D46DE8}") = "Core", "Core", "{C6429758-FE1B-42B8-987C-28EA831C67A7}"
EndProject
Project("{FAE04EC0-301F-11D3-BF4B-00C04F79EFBC}") = "LeaveManagement.Domain", "LeaveManagement.Domain\LeaveManagement.Domain.csproj", "{A980C12B-D3AD-469B-9C06-579B12C0D1AC}"
EndProject
Project("{FAE04EC0-301F-11D3-BF4B-00C04F79EFBC}") = "LeaveManagement.Application", "LeaveManagement.Application\LeaveManagement.Application.csproj", "{EE79C6C0-8805-4879-819A-B9D125FE9860}"
EndProject
Project("{FAE04EC0-301F-11D3-BF4B-00C04F79EFBC}") = "LeaveManagement.Infrastructure", "LeaveManagement.Infrastructure\LeaveManagement.Infrastructure.csproj", "{BC9AFC6F-1D11-42E6-A720-45548B92D314}"
EndProject
Project("{FAE04EC0-301F-11D3-BF4B-00C04F79EFBC}") = "LeaveManagement.Persistence", "LeaveManagement.Persistence\LeaveManagement.Persistence.csproj", "{F134B56C-7A61-42A7-8006-43AF6FABC5B4}"
EndProject
Project("{FAE04EC0-301F-11D3-BF4B-00C04F79EFBC}") = "LeaveManagement.API", "LeaveManagement.API\LeaveManagement.API.csproj", "{1B626500-7257-40B6-9B22-4471FE651ABC}"
EndProject
Project("{FAE04EC0-301F-11D3-BF4B-00C04F79EFBC}") = "LeaveManagement.Test", "LeaveManagement.Test\LeaveManagement.Test.csproj", "{FE46D067-8522-4724-B366-CD86BB5884EB}"
EndProject
Project("{FAE04EC0-301F-11D3-BF4B-00C04F79EFBC}") = "LeaveManagement.Identity", "LeaveManagement.Identity\LeaveManagement.Identity.csproj", "{C7085260-3F28-49F7-A487-F5E57731137A}"
EndProject
Project("{FAE04EC0-301F-11D3-BF4B-00C04F79EFBC}") = "LeaveManagement.MVC", "LeaveManagement.MVC\LeaveManagement.MVC.csproj", "{3B0B08FD-B916-4A1D-96D7-EA91CE868282}"
EndProject
Global
	GlobalSection(SolutionConfigurationPlatforms) = preSolution
		Debug|Any CPU = Debug|Any CPU
		Release|Any CPU = Release|Any CPU
	EndGlobalSection
	GlobalSection(SolutionProperties) = preSolution
		HideSolutionNode = FALSE
	EndGlobalSection
	GlobalSection(ProjectConfigurationPlatforms) = postSolution
		{A980C12B-D3AD-469B-9C06-579B12C0D1AC}.Debug|Any CPU.ActiveCfg = Debug|Any CPU
		{A980C12B-D3AD-469B-9C06-579B12C0D1AC}.Debug|Any CPU.Build.0 = Debug|Any CPU
		{A980C12B-D3AD-469B-9C06-579B12C0D1AC}.Release|Any CPU.ActiveCfg = Release|Any CPU
		{A980C12B-D3AD-469B-9C06-579B12C0D1AC}.Release|Any CPU.Build.0 = Release|Any CPU
		{EE79C6C0-8805-4879-819A-B9D125FE9860}.Debug|Any CPU.ActiveCfg = Debug|Any CPU
		{EE79C6C0-8805-4879-819A-B9D125FE9860}.Debug|Any CPU.Build.0 = Debug|Any CPU
		{EE79C6C0-8805-4879-819A-B9D125FE9860}.Release|Any CPU.ActiveCfg = Release|Any CPU
		{EE79C6C0-8805-4879-819A-B9D125FE9860}.Release|Any CPU.Build.0 = Release|Any CPU
		{BC9AFC6F-1D11-42E6-A720-45548B92D314}.Debug|Any CPU.ActiveCfg = Debug|Any CPU
		{BC9AFC6F-1D11-42E6-A720-45548B92D314}.Debug|Any CPU.Build.0 = Debug|Any CPU
		{BC9AFC6F-1D11-42E6-A720-45548B92D314}.Release|Any CPU.ActiveCfg = Release|Any CPU
		{BC9AFC6F-1D11-42E6-A720-45548B92D314}.Release|Any CPU.Build.0 = Release|Any CPU
		{F134B56C-7A61-42A7-8006-43AF6FABC5B4}.Debug|Any CPU.ActiveCfg = Debug|Any CPU
		{F134B56C-7A61-42A7-8006-43AF6FABC5B4}.Debug|Any CPU.Build.0 = Debug|Any CPU
		{F134B56C-7A61-42A7-8006-43AF6FABC5B4}.Release|Any CPU.ActiveCfg = Release|Any CPU
		{F134B56C-7A61-42A7-8006-43AF6FABC5B4}.Release|Any CPU.Build.0 = Release|Any CPU
		{1B626500-7257-40B6-9B22-4471FE651ABC}.Debug|Any CPU.ActiveCfg = Debug|Any CPU
		{1B626500-7257-40B6-9B22-4471FE651ABC}.Debug|Any CPU.Build.0 = Debug|Any CPU
		{1B626500-7257-40B6-9B22-4471FE651ABC}.Release|Any CPU.ActiveCfg = Release|Any CPU
		{1B626500-7257-40B6-9B22-4471FE651ABC}.Release|Any CPU.Build.0 = Release|Any CPU
		{FE46D067-8522-4724-B366-CD86BB5884EB}.Debug|Any CPU.ActiveCfg = Debug|Any CPU
		{FE46D067-8522-4724-B366-CD86BB5884EB}.Debug|Any CPU.Build.0 = Debug|Any CPU
		{FE46D067-8522-4724-B366-CD86BB5884EB}.Release|Any CPU.ActiveCfg = Release|Any CPU
		{FE46D067-8522-4724-B366-CD86BB5884EB}.Release|Any CPU.Build.0 = Release|Any CPU
		{C7085260-3F28-49F7-A487-F5E57731137A}.Debug|Any CPU.ActiveCfg = Debug|Any CPU
		{C7085260-3F28-49F7-A487-F5E57731137A}.Debug|Any CPU.Build.0 = Debug|Any CPU
		{C7085260-3F28-49F7-A487-F5E57731137A}.Release|Any CPU.ActiveCfg = Release|Any CPU
		{C7085260-3F28-49F7-A487-F5E57731137A}.Release|Any CPU.Build.0 = Release|Any CPU
		{3B0B08FD-B916-4A1D-96D7-EA91CE868282}.Debug|Any CPU.ActiveCfg = Debug|Any CPU
		{3B0B08FD-B916-4A1D-96D7-EA91CE868282}.Debug|Any CPU.Build.0 = Debug|Any CPU
		{3B0B08FD-B916-4A1D-96D7-EA91CE868282}.Release|Any CPU.ActiveCfg = Release|Any CPU
		{3B0B08FD-B916-4A1D-96D7-EA91CE868282}.Release|Any CPU.Build.0 = Release|Any CPU
	EndGlobalSection
	GlobalSection(NestedProjects) = preSolution
		{A980C12B-D3AD-469B-9C06-579B12C0D1AC} = {C6429758-FE1B-42B8-987C-28EA831C67A7}
		{EE79C6C0-8805-4879-819A-B9D125FE9860} = {C6429758-FE1B-42B8-987C-28EA831C67A7}
	EndGlobalSection
EndGlobal
